
Microsoft Visual Studio Solution File, Format Version 12.00
# Visual Studio Version 17
VisualStudioVersion = 17.14.36221.1 d17.14
MinimumVisualStudioVersion = 10.0.40219.1
Project("{FAE04EC0-301F-11D3-BF4B-00C04F79EFBC}") = "StudentReportApp", "StudentReportApp.csproj", "{B125F5BE-5415-33BB-B2D0-F42997EA251C}"
EndProject
Project("{FAE04EC0-301F-11D3-BF4B-00C04F79EFBC}") = "StudentReportSytsem", "..\StudentReportSytsem\StudentReportSytsem.csproj", "{78F0039F-9086-43C8-BF13-3B7C9C2469FE}"
EndProject
Global
	GlobalSection(SolutionConfigurationPlatforms) = preSolution
		Debug|Any CPU = Debug|Any CPU
		Release|Any CPU = Release|Any CPU
	EndGlobalSection
	GlobalSection(ProjectConfigurationPlatforms) = postSolution
		{B125F5BE-5415-33BB-B2D0-F42997EA251C}.Debug|Any CPU.ActiveCfg = Debug|Any CPU
		{B125F5BE-5415-33BB-B2D0-F42997EA251C}.Debug|Any CPU.Build.0 = Debug|Any CPU
		{B125F5BE-5415-33BB-B2D0-F42997EA251C}.Release|Any CPU.ActiveCfg = Release|Any CPU
		{B125F5BE-5415-33BB-B2D0-F42997EA251C}.Release|Any CPU.Build.0 = Release|Any CPU
		{78F0039F-9086-43C8-BF13-3B7C9C2469FE}.Debug|Any CPU.ActiveCfg = Debug|Any CPU
		{78F0039F-9086-43C8-BF13-3B7C9C2469FE}.Debug|Any CPU.Build.0 = Debug|Any CPU
		{78F0039F-9086-43C8-BF13-3B7C9C2469FE}.Release|Any CPU.ActiveCfg = Release|Any CPU
		{78F0039F-9086-43C8-BF13-3B7C9C2469FE}.Release|Any CPU.Build.0 = Release|Any CPU
	EndGlobalSection
	GlobalSection(SolutionProperties) = preSolution
		HideSolutionNode = FALSE
	EndGlobalSection
	GlobalSection(ExtensibilityGlobals) = postSolution
		SolutionGuid = {36BB738A-6702-40B4-99C1-C5F8EF0DE9D8}
	EndGlobalSection
EndGlobal
